
Microsoft Visual Studio Solution File, Format Version 12.00
# Visual Studio Version 17
VisualStudioVersion = 17.9.34701.34
MinimumVisualStudioVersion = 10.0.40219.1
Project("{FAE04EC0-301F-11D3-BF4B-00C04F79EFBC}") = "api_sqlstoredprocedures", "api_sqlstoredprocedures\api_sqlstoredprocedures.csproj", "{8918D6C9-C283-412C-802D-C24245961761}"
EndProject
Global
	GlobalSection(SolutionConfigurationPlatforms) = preSolution
		Debug|Any CPU = Debug|Any CPU
		Release|Any CPU = Release|Any CPU
	EndGlobalSection
	GlobalSection(ProjectConfigurationPlatforms) = postSolution
		{8918D6C9-C283-412C-802D-C24245961761}.Debug|Any CPU.ActiveCfg = Debug|Any CPU
		{8918D6C9-C283-412C-802D-C24245961761}.Debug|Any CPU.Build.0 = Debug|Any CPU
		{8918D6C9-C283-412C-802D-C24245961761}.Release|Any CPU.ActiveCfg = Release|Any CPU
		{8918D6C9-C283-412C-802D-C24245961761}.Release|Any CPU.Build.0 = Release|Any CPU
	EndGlobalSection
	GlobalSection(SolutionProperties) = preSolution
		HideSolutionNode = FALSE
	EndGlobalSection
	GlobalSection(ExtensibilityGlobals) = postSolution
		SolutionGuid = {53906ECA-A969-4997-AF59-4F453AC2E946}
	EndGlobalSection
EndGlobal
